# ぷちコンテナ（petit-core）に焼き込むコンポーネントの版（K14・TODO T4）
#
# scripts/vendor-components.sh がこの表を読み、各リポの「この SHA」を git archive で
# vendor/<名前>/ に展開する。Dockerfile.core は vendor/ を COPY して venv を作る。
# 版を上げるときはこの表の SHA だけを書き換えて PR にする（ブランチ名ではなく SHA で固定）。
#
# 列: 名前（/opt/petit/repos/<名前> になる） リポジトリ SHA リポ内のディレクトリ（. = 全体）
# m5-petit-app は 2026-09-26 に TeamPuchi/petit-api へ改名した。名前の列（コンテナ内のパス）は据え置く。
m5-petit-app  TeamPuchi/petit-api      d8fff9a4d7547059b8138a9d784c48e129e455e5  .
petit-memory  TeamPuchi/petit-memory  7df7014f64548448bbd5e1615b5d4de93317307a  .
petit-sns     TeamPuchi/petit-sns     dde09dfbbd442939af08aadda900adbf4aa9f258  sns-api
petit-desire  TeamPuchi/petit-desire  09986de939dba035be47c0e0e0524a1e0779089c  .
